
Microsoft Visual Studio Solution File, Format Version 12.00
# Visual Studio Version 16
VisualStudioVersion = 16.0.31105.61
MinimumVisualStudioVersion = 10.0.40219.1
Project("{8BC9CEB8-8B4A-11D0-8D11-00A0C91BC942}") = "Prototyping", "Prototyping\Prototyping.vcxproj", "{B3A986A4-D17E-4789-B488-6B3011883C57}"
EndProject
Project("{8BC9CEB8-8B4A-11D0-8D11-00A0C91BC942}") = "AsciiRender", "AsciiRender.vcxproj", "{C4C8233B-F13D-4E3E-8CF4-F9C729B7D7D9}"
EndProject
Project("{8BC9CEB8-8B4A-11D0-8D11-00A0C91BC942}") = "ARLogViewer", "ARLogViewer\ARLogViewer.vcxproj", "{A8AE419D-4995-4776-BFCC-F442CF460ACB}"
EndProject
Project("{2150E333-8FDC-42A3-9474-1A3956D46DE8}") = "Tools", "Tools", "{0F2C6B23-6A53-4AB9-A443-E466511DCA46}"
EndProject
Global
	GlobalSection(SolutionConfigurationPlatforms) = preSolution
		Debug|x64 = Debug|x64
		Debug|x86 = Debug|x86
		Release|x64 = Release|x64
		Release|x86 = Release|x86
	EndGlobalSection
	GlobalSection(ProjectConfigurationPlatforms) = postSolution
		{B3A986A4-D17E-4789-B488-6B3011883C57}.Debug|x64.ActiveCfg = Debug|x64
		{B3A986A4-D17E-4789-B488-6B3011883C57}.Debug|x64.Build.0 = Debug|x64
		{B3A986A4-D17E-4789-B488-6B3011883C57}.Debug|x86.ActiveCfg = Debug|Win32
		{B3A986A4-D17E-4789-B488-6B3011883C57}.Debug|x86.Build.0 = Debug|Win32
		{B3A986A4-D17E-4789-B488-6B3011883C57}.Release|x64.ActiveCfg = Release|x64
		{B3A986A4-D17E-4789-B488-6B3011883C57}.Release|x64.Build.0 = Release|x64
		{B3A986A4-D17E-4789-B488-6B3011883C57}.Release|x86.ActiveCfg = Release|Win32
		{B3A986A4-D17E-4789-B488-6B3011883C57}.Release|x86.Build.0 = Release|Win32
		{C4C8233B-F13D-4E3E-8CF4-F9C729B7D7D9}.Debug|x64.ActiveCfg = Debug|x64
		{C4C8233B-F13D-4E3E-8CF4-F9C729B7D7D9}.Debug|x64.Build.0 = Debug|x64
		{C4C8233B-F13D-4E3E-8CF4-F9C729B7D7D9}.Debug|x86.ActiveCfg = Debug|Win32
		{C4C8233B-F13D-4E3E-8CF4-F9C729B7D7D9}.Debug|x86.Build.0 = Debug|Win32
		{C4C8233B-F13D-4E3E-8CF4-F9C729B7D7D9}.Release|x64.ActiveCfg = Release|x64
		{C4C8233B-F13D-4E3E-8CF4-F9C729B7D7D9}.Release|x64.Build.0 = Release|x64
		{C4C8233B-F13D-4E3E-8CF4-F9C729B7D7D9}.Release|x86.ActiveCfg = Release|Win32
		{C4C8233B-F13D-4E3E-8CF4-F9C729B7D7D9}.Release|x86.Build.0 = Release|Win32
		{A8AE419D-4995-4776-BFCC-F442CF460ACB}.Debug|x64.ActiveCfg = Debug|x64
		{A8AE419D-4995-4776-BFCC-F442CF460ACB}.Debug|x64.Build.0 = Debug|x64
		{A8AE419D-4995-4776-BFCC-F442CF460ACB}.Debug|x86.ActiveCfg = Debug|Win32
		{A8AE419D-4995-4776-BFCC-F442CF460ACB}.Debug|x86.Build.0 = Debug|Win32
		{A8AE419D-4995-4776-BFCC-F442CF460ACB}.Release|x64.ActiveCfg = Release|x64
		{A8AE419D-4995-4776-BFCC-F442CF460ACB}.Release|x64.Build.0 = Release|x64
		{A8AE419D-4995-4776-BFCC-F442CF460ACB}.Release|x86.ActiveCfg = Release|Win32
		{A8AE419D-4995-4776-BFCC-F442CF460ACB}.Release|x86.Build.0 = Release|Win32
	EndGlobalSection
	GlobalSection(SolutionProperties) = preSolution
		HideSolutionNode = FALSE
	EndGlobalSection
	GlobalSection(NestedProjects) = preSolution
		{A8AE419D-4995-4776-BFCC-F442CF460ACB} = {0F2C6B23-6A53-4AB9-A443-E466511DCA46}
	EndGlobalSection
	GlobalSection(ExtensibilityGlobals) = postSolution
		SolutionGuid = {C938E20C-8E80-4325-B4D6-2004DAD0796B}
	EndGlobalSection
EndGlobal
