<?xml version="1.0" encoding="utf-8"?>
<Project ToolsVersion="4.0" xmlns="http://schemas.microsoft.com/developer/msbuild/2003">
  <ItemGroup>
    <Filter Include="Source Files">
      <UniqueIdentifier>{4FC737F1-C7A5-4376-A066-2A32D752A2FF}</UniqueIdentifier>
      <Extensions>cpp;c;cc;cxx;c++;def;odl;idl;hpj;bat;asm;asmx</Extensions>
    </Filter>
    <Filter Include="Header Files">
      <UniqueIdentifier>{93995380-89BD-4b04-88EB-625FBE52EBFB}</UniqueIdentifier>
      <Extensions>h;hh;hpp;hxx;h++;hm;inl;inc;ipp;xsd</Extensions>
    </Filter>
    <Filter Include="Resource Files">
      <UniqueIdentifier>{67DA6AB6-F800-4c08-8B7A-83BB121AAD01}</UniqueIdentifier>
      <Extensions>rc;ico;cur;bmp;dlg;rc2;rct;bin;rgs;gif;jpg;jpeg;jpe;resx;tiff;tif;png;wav;mfcribbon-ms</Extensions>
    </Filter>
    <Filter Include="BoostProps">
      <UniqueIdentifier>{e17699e8-5a03-46c6-833a-30dce2603270}</UniqueIdentifier>
    </Filter>
  </ItemGroup>
  <ItemGroup>
    <None Include="props\boost_x64_debug.props">
      <Filter>BoostProps</Filter>
    </None>
    <None Include="props\boost_x64_release.props">
      <Filter>BoostProps</Filter>
    </None>
    <None Include="props\boost_x86_debug.props">
      <Filter>BoostProps</Filter>
    </None>
    <None Include="props\boost_x86_release.props">
      <Filter>BoostProps</Filter>
    </None>
  </ItemGroup>
  <ItemGroup>
    <ClInclude Include="src\Asciir\Core\Terminal.h">
      <Filter>Header Files</Filter>
    </ClInclude>
    <ClInclude Include="src\Asciir\Core\Core.h">
      <Filter>Header Files</Filter>
    </ClInclude>
    <ClInclude Include="src\Asciir.h">
      <Filter>Header Files</Filter>
    </ClInclude>
    <ClInclude Include="src\Asciir\Core\EntryPoint.h">
      <Filter>Header Files</Filter>
    </ClInclude>
    <ClInclude Include="src\Asciir\Logging\FileLog.h">
      <Filter>Header Files</Filter>
    </ClInclude>
    <ClInclude Include="src\Asciir\Core\Timing.h">
      <Filter>Header Files</Filter>
    </ClInclude>
    <ClInclude Include="src\Asciir\Logging\FileLog.ipp">
      <Filter>Header Files</Filter>
    </ClInclude>
    <ClInclude Include="src\Asciir\Rendering\AsciiAttributes.h">
      <Filter>Header Files</Filter>
    </ClInclude>
  </ItemGroup>
  <ItemGroup>
    <ClCompile Include="src\Asciir\Core\Terminal.cpp">
      <Filter>Source Files</Filter>
    </ClCompile>
    <ClCompile Include="src\Asciir\Logging\FileLog.cpp">
      <Filter>Source Files</Filter>
    </ClCompile>
    <ClCompile Include="src\Asciir\Core\Timing.cpp">
      <Filter>Source Files</Filter>
    </ClCompile>
    <ClCompile Include="src\Asciir\Rendering\AsciiAttributes.cpp">
      <Filter>Source Files</Filter>
    </ClCompile>
  </ItemGroup>
</Project>